// !$*UTF8*$!
{
	archiveVersion = 1;
	classes = {
	};
	objectVersion = 46;
	objects = {

/* Begin PBXBuildFile section */
		792BFCA31710118F0085A306 /* 01d.png in Resources */ = {isa = PBXBuildFile; fileRef = 792BFC971710118F0085A306 /* 01d.png */; };
		792BFCA41710118F0085A306 /* 0304.png in Resources */ = {isa = PBXBuildFile; fileRef = 792BFC981710118F0085A306 /* 0304.png */; };
		792BFCA61710118F0085A306 /* 02d.png in Resources */ = {isa = PBXBuildFile; fileRef = 792BFC9A1710118F0085A306 /* 02d.png */; };
		792BFCA81710118F0085A306 /* 10d.png in Resources */ = {isa = PBXBuildFile; fileRef = 792BFC9C1710118F0085A306 /* 10d.png */; };
		792BFCAA1710118F0085A306 /* 02n.png in Resources */ = {isa = PBXBuildFile; fileRef = 792BFC9E1710118F0085A306 /* 02n.png */; };
		792BFCAB1710118F0085A306 /* 01n.png in Resources */ = {isa = PBXBuildFile; fileRef = 792BFC9F1710118F0085A306 /* 01n.png */; };
		792BFCAD1710118F0085A306 /* 10n.png in Resources */ = {isa = PBXBuildFile; fileRef = 792BFCA11710118F0085A306 /* 10n.png */; };
		792BFCB6171014330085A306 /* 50.png in Resources */ = {isa = PBXBuildFile; fileRef = 792BFCB5171014330085A306 /* 50.png */; };
		792BFCBC17101BC10085A306 /* 11.png in Resources */ = {isa = PBXBuildFile; fileRef = 792BFCBB17101BC10085A306 /* 11.png */; };
		792BFCBF17101DB10085A306 /* 09.png in Resources */ = {isa = PBXBuildFile; fileRef = 792BFCBD17101DB00085A306 /* 09.png */; };
		792BFCC017101DB10085A306 /* 13.png in Resources */ = {isa = PBXBuildFile; fileRef = 792BFCBE17101DB10085A306 /* 13.png */; };
		792BFCCB17102AC20085A306 /* ToyCenter.m in Sources */ = {isa = PBXBuildFile; fileRef = 792BFCCA17102AC20085A306 /* ToyCenter.m */; };
		792BFCCD17102C2F0085A306 /* Toys in Resources */ = {isa = PBXBuildFile; fileRef = 792BFCCC17102C2F0085A306 /* Toys */; };
		792BFCD41710317F0085A306 /* Toy.m in Sources */ = {isa = PBXBuildFile; fileRef = 792BFCD31710317F0085A306 /* Toy.m */; };
		792BFCDF171036110085A306 /* NSObject+JSONKit.m in Sources */ = {isa = PBXBuildFile; fileRef = 792BFCDE171036110085A306 /* NSObject+JSONKit.m */; };
		7969F7B4170D502A005224DE /* UIKit.framework in Frameworks */ = {isa = PBXBuildFile; fileRef = 7969F7B3170D502A005224DE /* UIKit.framework */; };
		7969F7B6170D502A005224DE /* Foundation.framework in Frameworks */ = {isa = PBXBuildFile; fileRef = 7969F7B5170D502A005224DE /* Foundation.framework */; };
		7969F7B8170D502A005224DE /* CoreGraphics.framework in Frameworks */ = {isa = PBXBuildFile; fileRef = 7969F7B7170D502A005224DE /* CoreGraphics.framework */; };
		7969F7C0170D502A005224DE /* main.m in Sources */ = {isa = PBXBuildFile; fileRef = 7969F7BF170D502A005224DE /* main.m */; };
		7969F7C4170D502A005224DE /* AppDelegate.m in Sources */ = {isa = PBXBuildFile; fileRef = 7969F7C3170D502A005224DE /* AppDelegate.m */; };
		7969F7C6170D502A005224DE /* Default.png in Resources */ = {isa = PBXBuildFile; fileRef = 7969F7C5170D502A005224DE /* Default.png */; };
		7969F7C8170D502A005224DE /* Default@2x.png in Resources */ = {isa = PBXBuildFile; fileRef = 7969F7C7170D502A005224DE /* Default@2x.png */; };
		7969F7CA170D502A005224DE /* Default-568h@2x.png in Resources */ = {isa = PBXBuildFile; fileRef = 7969F7C9170D502A005224DE /* Default-568h@2x.png */; };
		7969F7D0170D502A005224DE /* ViewController.m in Sources */ = {isa = PBXBuildFile; fileRef = 7969F7CF170D502A005224DE /* ViewController.m */; };
		7969FB31170D862A005224DE /* MoneyView.m in Sources */ = {isa = PBXBuildFile; fileRef = 7969FB30170D862A005224DE /* MoneyView.m */; };
		7969FB33170D8648005224DE /* MoneyView.xib in Resources */ = {isa = PBXBuildFile; fileRef = 7969FB32170D8648005224DE /* MoneyView.xib */; };
		7969FB41170D8DE1005224DE /* subtle_white_feathers.png in Resources */ = {isa = PBXBuildFile; fileRef = 7969FB3F170D8DE1005224DE /* subtle_white_feathers.png */; };
		7969FB42170D8DE1005224DE /* subtle_white_feathers_@2X.png in Resources */ = {isa = PBXBuildFile; fileRef = 7969FB40170D8DE1005224DE /* subtle_white_feathers_@2X.png */; };
		7969FB44170D8E9A005224DE /* CoreMotion.framework in Frameworks */ = {isa = PBXBuildFile; fileRef = 7969FB43170D8E9A005224DE /* CoreMotion.framework */; };
		7969FB46170D8EA5005224DE /* CoreLocation.framework in Frameworks */ = {isa = PBXBuildFile; fileRef = 7969FB45170D8EA5005224DE /* CoreLocation.framework */; };
		7969FB50170D945F005224DE /* coin.png in Resources */ = {isa = PBXBuildFile; fileRef = 7969FB4D170D945F005224DE /* coin.png */; };
		7969FB51170D945F005224DE /* add_coin.png in Resources */ = {isa = PBXBuildFile; fileRef = 7969FB4E170D945F005224DE /* add_coin.png */; };
		7969FB52170D945F005224DE /* coin_bag.png in Resources */ = {isa = PBXBuildFile; fileRef = 7969FB4F170D945F005224DE /* coin_bag.png */; };
		7969FB54170D96C2005224DE /* README.md in Resources */ = {isa = PBXBuildFile; fileRef = 7969FB53170D96C2005224DE /* README.md */; };
		7969FB56170D9B80005224DE /* step.png in Resources */ = {isa = PBXBuildFile; fileRef = 7969FB55170D9B80005224DE /* step.png */; };
		7969FB58170D9BEB005224DE /* StepView.xib in Resources */ = {isa = PBXBuildFile; fileRef = 7969FB57170D9BEB005224DE /* StepView.xib */; };
		7969FB5F170D9E70005224DE /* StepView.m in Sources */ = {isa = PBXBuildFile; fileRef = 7969FB5E170D9E70005224DE /* StepView.m */; };
		7969FB62170D9F70005224DE /* grey_wash_wall_@2X.png in Resources */ = {isa = PBXBuildFile; fileRef = 7969FB60170D9F70005224DE /* grey_wash_wall_@2X.png */; };
		7969FB63170D9F70005224DE /* grey_wash_wall.png in Resources */ = {isa = PBXBuildFile; fileRef = 7969FB61170D9F70005224DE /* grey_wash_wall.png */; };
		7969FB65170DA5D6005224DE /* WeatherView.xib in Resources */ = {isa = PBXBuildFile; fileRef = 7969FB64170DA5D6005224DE /* WeatherView.xib */; };
		7969FB69170DAC1D005224DE /* weather_widget.png in Resources */ = {isa = PBXBuildFile; fileRef = 7969FB68170DAC1D005224DE /* weather_widget.png */; };
		7969FB6D170DAD69005224DE /* weather_background.png in Resources */ = {isa = PBXBuildFile; fileRef = 7969FB6C170DAD69005224DE /* weather_background.png */; };
		7969FB70170DB06E005224DE /* WeatherView.m in Sources */ = {isa = PBXBuildFile; fileRef = 7969FB6F170DB06E005224DE /* WeatherView.m */; };
		7969FB78170DB4E0005224DE /* UIViewController+WeatherView.m in Sources */ = {isa = PBXBuildFile; fileRef = 7969FB77170DB4E0005224DE /* UIViewController+WeatherView.m */; };
		7969FB82170DE53E005224DE /* add_coin@2X.png in Resources */ = {isa = PBXBuildFile; fileRef = 7969FB7F170DE53E005224DE /* add_coin@2X.png */; };
		7969FB83170DE53E005224DE /* coin_bag@2X.png in Resources */ = {isa = PBXBuildFile; fileRef = 7969FB80170DE53E005224DE /* coin_bag@2X.png */; };
		7969FB84170DE53E005224DE /* coin@2X.png in Resources */ = {isa = PBXBuildFile; fileRef = 7969FB81170DE53E005224DE /* coin@2X.png */; };
		7969FB86170DED78005224DE /* step_bg.png in Resources */ = {isa = PBXBuildFile; fileRef = 7969FB85170DED78005224DE /* step_bg.png */; };
		7969FB89170DEF3E005224DE /* PedometerViewController.m in Sources */ = {isa = PBXBuildFile; fileRef = 7969FB88170DEF3E005224DE /* PedometerViewController.m */; };
		7969FBA1170DFB35005224DE /* InfoPlist.strings in Resources */ = {isa = PBXBuildFile; fileRef = 7969FB9F170DFB35005224DE /* InfoPlist.strings */; };
		7969FBA4170DFB41005224DE /* MainStoryboard.storyboard in Resources */ = {isa = PBXBuildFile; fileRef = 7969FBA2170DFB41005224DE /* MainStoryboard.storyboard */; };
		7969FBCC170DFBB7005224DE /* Http.m in Sources */ = {isa = PBXBuildFile; fileRef = 7969FBAC170DFBB7005224DE /* Http.m */; };
		7969FBCD170DFBB7005224DE /* ios_module.m in Sources */ = {isa = PBXBuildFile; fileRef = 7969FBAF170DFBB7005224DE /* ios_module.m */; };
		7969FBCE170DFBB7005224DE /* JSONKit.m in Sources */ = {isa = PBXBuildFile; fileRef = 7969FBB1170DFBB7005224DE /* JSONKit.m */; settings = {COMPILER_FLAGS = "-fno-objc-arc"; }; };
		7969FBCF170DFBB7005224DE /* MethodSwizzle.c in Sources */ = {isa = PBXBuildFile; fileRef = 7969FBB2170DFBB7005224DE /* MethodSwizzle.c */; };
		7969FBD0170DFBB7005224DE /* MotionViewController.m in Sources */ = {isa = PBXBuildFile; fileRef = 7969FBB5170DFBB7005224DE /* MotionViewController.m */; };
		7969FBD1170DFBB7005224DE /* MoveViewController.m in Sources */ = {isa = PBXBuildFile; fileRef = 7969FBB7170DFBB7005224DE /* MoveViewController.m */; };
		7969FBD2170DFBB7005224DE /* NSArray+Addition.m in Sources */ = {isa = PBXBuildFile; fileRef = 7969FBB9170DFBB7005224DE /* NSArray+Addition.m */; };
		7969FBD3170DFBB7005224DE /* NSObject+PropertyListing.m in Sources */ = {isa = PBXBuildFile; fileRef = 7969FBBB170DFBB7005224DE /* NSObject+PropertyListing.m */; };
		7969FBD4170DFBB7005224DE /* NSObject+Swizzle.m in Sources */ = {isa = PBXBuildFile; fileRef = 7969FBBD170DFBB7005224DE /* NSObject+Swizzle.m */; };
		7969FBD5170DFBB7005224DE /* NSUserDefaults+MPSecureUserDefaults.m in Sources */ = {isa = PBXBuildFile; fileRef = 7969FBBF170DFBB7005224DE /* NSUserDefaults+MPSecureUserDefaults.m */; settings = {COMPILER_FLAGS = "-fno-objc-arc"; }; };
		7969FBD6170DFBB7005224DE /* OpenWeatherMap.m in Sources */ = {isa = PBXBuildFile; fileRef = 7969FBC1170DFBB7005224DE /* OpenWeatherMap.m */; };
		7969FBD7170DFBB7005224DE /* ShakeViewController.m in Sources */ = {isa = PBXBuildFile; fileRef = 7969FBC3170DFBB7005224DE /* ShakeViewController.m */; };
		7969FBD8170DFBB7005224DE /* Station.m in Sources */ = {isa = PBXBuildFile; fileRef = 7969FBC5170DFBB7005224DE /* Station.m */; };
		7969FBD9170DFBB7005224DE /* UIView+Addition.m in Sources */ = {isa = PBXBuildFile; fileRef = 7969FBC7170DFBB7005224DE /* UIView+Addition.m */; };
		7969FBDA170DFBB7005224DE /* UIViewController+StoryboardExtend.m in Sources */ = {isa = PBXBuildFile; fileRef = 7969FBC9170DFBB7005224DE /* UIViewController+StoryboardExtend.m */; };
		7969FBDB170DFBB7005224DE /* Weather.m in Sources */ = {isa = PBXBuildFile; fileRef = 7969FBCB170DFBB7005224DE /* Weather.m */; };
		7969FBE4170E0707005224DE /* BaseModel.m in Sources */ = {isa = PBXBuildFile; fileRef = 7969FBE3170E0707005224DE /* BaseModel.m */; };
		7969FBED170E1E3B005224DE /* Defaults.plist in Resources */ = {isa = PBXBuildFile; fileRef = 7969FBEC170E1E3B005224DE /* Defaults.plist */; };
		796BBF77171471E900EDBC7A /* FacebookSDK.framework in Frameworks */ = {isa = PBXBuildFile; fileRef = 796BBF76171471E900EDBC7A /* FacebookSDK.framework */; };
		796BBF79171472BC00EDBC7A /* AdSupport.framework in Frameworks */ = {isa = PBXBuildFile; fileRef = 796BBF78171472BC00EDBC7A /* AdSupport.framework */; settings = {ATTRIBUTES = (Weak, ); }; };
		796BBF8B1714954100EDBC7A /* UIResponder+Facebook.m in Sources */ = {isa = PBXBuildFile; fileRef = 796BBF8A1714954100EDBC7A /* UIResponder+Facebook.m */; };
		796BBF8D17149B0C00EDBC7A /* MessageUI.framework in Frameworks */ = {isa = PBXBuildFile; fileRef = 796BBF8C17149B0B00EDBC7A /* MessageUI.framework */; };
		79786BB217134155006A8B98 /* SettingViewController.m in Sources */ = {isa = PBXBuildFile; fileRef = 79786BB117134155006A8B98 /* SettingViewController.m */; };
		79909A5C170EA45A0056CD96 /* step_stop.png in Resources */ = {isa = PBXBuildFile; fileRef = 79909A5B170EA45A0056CD96 /* step_stop.png */; };
		79909A63170EBB5D0056CD96 /* finger_icon.png in Resources */ = {isa = PBXBuildFile; fileRef = 79909A62170EBB5D0056CD96 /* finger_icon.png */; };
		79909A68170EC6770056CD96 /* PekoViewController.m in Sources */ = {isa = PBXBuildFile; fileRef = 79909A67170EC6770056CD96 /* PekoViewController.m */; };
		79909A72170ED5D90056CD96 /* question_done.png in Resources */ = {isa = PBXBuildFile; fileRef = 79909A71170ED5D90056CD96 /* question_done.png */; };
		79909A74170ED6530056CD96 /* question.png in Resources */ = {isa = PBXBuildFile; fileRef = 79909A73170ED6530056CD96 /* question.png */; };
		79909A7A170F000B0056CD96 /* ToyView.xib in Resources */ = {isa = PBXBuildFile; fileRef = 79909A79170F000B0056CD96 /* ToyView.xib */; };
		79909A7C170F075D0056CD96 /* close.png in Resources */ = {isa = PBXBuildFile; fileRef = 79909A7B170F075D0056CD96 /* close.png */; };
		79909A7F170F08280056CD96 /* ToyView.m in Sources */ = {isa = PBXBuildFile; fileRef = 79909A7E170F08280056CD96 /* ToyView.m */; };
		79909A81170F0C320056CD96 /* AudioToolbox.framework in Frameworks */ = {isa = PBXBuildFile; fileRef = 79909A80170F0C320056CD96 /* AudioToolbox.framework */; };
		79909A8B170F0DAE0056CD96 /* AudioToolkit.m in Sources */ = {isa = PBXBuildFile; fileRef = 79909A8A170F0DAE0056CD96 /* AudioToolkit.m */; };
		79909A8F170F0DF40056CD96 /* coin_get.mp3 in Resources */ = {isa = PBXBuildFile; fileRef = 79909A8E170F0DF40056CD96 /* coin_get.mp3 */; };
		79909A9C170F1CEF0056CD96 /* PedoData.m in Sources */ = {isa = PBXBuildFile; fileRef = 79909A9B170F1CEF0056CD96 /* PedoData.m */; };
		79909A9E170F263C0056CD96 /* coin_spend.mp3 in Resources */ = {isa = PBXBuildFile; fileRef = 79909A9D170F263C0056CD96 /* coin_spend.mp3 */; };
		79909AA0170F2B940056CD96 /* step_icon.png in Resources */ = {isa = PBXBuildFile; fileRef = 79909A9F170F2B940056CD96 /* step_icon.png */; };
		79996CBC17111A4400DE0F26 /* 57x57.png in Resources */ = {isa = PBXBuildFile; fileRef = 79996CBB17111A4400DE0F26 /* 57x57.png */; };
		79996CBE17111A6500DE0F26 /* 114x114.png in Resources */ = {isa = PBXBuildFile; fileRef = 79996CBD17111A6500DE0F26 /* 114x114.png */; };
		79AC330B1713BA24001F810D /* ShareButton.m in Sources */ = {isa = PBXBuildFile; fileRef = 79AC33081713BA24001F810D /* ShareButton.m */; };
		79AC330E1713BC5E001F810D /* Accounts.framework in Frameworks */ = {isa = PBXBuildFile; fileRef = 79AC330D1713BC5E001F810D /* Accounts.framework */; settings = {ATTRIBUTES = (Weak, ); }; };
		79AC33101713BC64001F810D /* Social.framework in Frameworks */ = {isa = PBXBuildFile; fileRef = 79AC330F1713BC64001F810D /* Social.framework */; settings = {ATTRIBUTES = (Weak, ); }; };
		79AC33121713CDBF001F810D /* Twitter.framework in Frameworks */ = {isa = PBXBuildFile; fileRef = 79AC33111713CDBF001F810D /* Twitter.framework */; };
		79AC332617141BEF001F810D /* libsqlite3.dylib in Frameworks */ = {isa = PBXBuildFile; fileRef = 79AC332517141BEF001F810D /* libsqlite3.dylib */; };
		79EFE009171194700057777F /* QuartzCore.framework in Frameworks */ = {isa = PBXBuildFile; fileRef = 79EFE008171194700057777F /* QuartzCore.framework */; };
		79EFE00E171198870057777F /* box_icon.png in Resources */ = {isa = PBXBuildFile; fileRef = 79EFE00D171198870057777F /* box_icon.png */; };
		79EFE010171199CA0057777F /* setting_icon.png in Resources */ = {isa = PBXBuildFile; fileRef = 79EFE00F171199CA0057777F /* setting_icon.png */; };
		79EFE01317119A010057777F /* ToysViewController.m in Sources */ = {isa = PBXBuildFile; fileRef = 79EFE01217119A010057777F /* ToysViewController.m */; };
		79EFE0151711A2D00057777F /* unknown.png in Resources */ = {isa = PBXBuildFile; fileRef = 79EFE0141711A2D00057777F /* unknown.png */; };
/* End PBXBuildFile section */

/* Begin PBXFileReference section */
		792BFC971710118F0085A306 /* 01d.png */ = {isa = PBXFileReference; lastKnownFileType = image.png; path = 01d.png; sourceTree = "<group>"; };
		792BFC981710118F0085A306 /* 0304.png */ = {isa = PBXFileReference; lastKnownFileType = image.png; path = 0304.png; sourceTree = "<group>"; };
		792BFC9A1710118F0085A306 /* 02d.png */ = {isa = PBXFileReference; lastKnownFileType = image.png; path = 02d.png; sourceTree = "<group>"; };
		792BFC9C1710118F0085A306 /* 10d.png */ = {isa = PBXFileReference; lastKnownFileType = image.png; path = 10d.png; sourceTree = "<group>"; };
		792BFC9E1710118F0085A306 /* 02n.png */ = {isa = PBXFileReference; lastKnownFileType = image.png; path = 02n.png; sourceTree = "<group>"; };
		792BFC9F1710118F0085A306 /* 01n.png */ = {isa = PBXFileReference; lastKnownFileType = image.png; path = 01n.png; sourceTree = "<group>"; };
		792BFCA11710118F0085A306 /* 10n.png */ = {isa = PBXFileReference; lastKnownFileType = image.png; path = 10n.png; sourceTree = "<group>"; };
		792BFCB5171014330085A306 /* 50.png */ = {isa = PBXFileReference; lastKnownFileType = image.png; path = 50.png; sourceTree = "<group>"; };
		792BFCBB17101BC10085A306 /* 11.png */ = {isa = PBXFileReference; lastKnownFileType = image.png; path = 11.png; sourceTree = "<group>"; };
		792BFCBD17101DB00085A306 /* 09.png */ = {isa = PBXFileReference; lastKnownFileType = image.png; path = 09.png; sourceTree = "<group>"; };
		792BFCBE17101DB10085A306 /* 13.png */ = {isa = PBXFileReference; lastKnownFileType = image.png; path = 13.png; sourceTree = "<group>"; };
		792BFCC917102AC20085A306 /* ToyCenter.h */ = {isa = PBXFileReference; fileEncoding = 4; lastKnownFileType = sourcecode.c.h; path = ToyCenter.h; sourceTree = "<group>"; };
		792BFCCA17102AC20085A306 /* ToyCenter.m */ = {isa = PBXFileReference; fileEncoding = 4; lastKnownFileType = sourcecode.c.objc; path = ToyCenter.m; sourceTree = "<group>"; };
		792BFCCC17102C2F0085A306 /* Toys */ = {isa = PBXFileReference; lastKnownFileType = folder; path = Toys; sourceTree = "<group>"; };
		792BFCD21710317F0085A306 /* Toy.h */ = {isa = PBXFileReference; fileEncoding = 4; lastKnownFileType = sourcecode.c.h; path = Toy.h; sourceTree = "<group>"; };
		792BFCD31710317F0085A306 /* Toy.m */ = {isa = PBXFileReference; fileEncoding = 4; lastKnownFileType = sourcecode.c.objc; path = Toy.m; sourceTree = "<group>"; };
		792BFCDD171036110085A306 /* NSObject+JSONKit.h */ = {isa = PBXFileReference; fileEncoding = 4; lastKnownFileType = sourcecode.c.h; path = "NSObject+JSONKit.h"; sourceTree = "<group>"; };
		792BFCDE171036110085A306 /* NSObject+JSONKit.m */ = {isa = PBXFileReference; fileEncoding = 4; lastKnownFileType = sourcecode.c.objc; path = "NSObject+JSONKit.m"; sourceTree = "<group>"; };
		7969F7AF170D502A005224DE /* pedotoys.app */ = {isa = PBXFileReference; explicitFileType = wrapper.application; includeInIndex = 0; path = pedotoys.app; sourceTree = BUILT_PRODUCTS_DIR; };
		7969F7B3170D502A005224DE /* UIKit.framework */ = {isa = PBXFileReference; lastKnownFileType = wrapper.framework; name = UIKit.framework; path = System/Library/Frameworks/UIKit.framework; sourceTree = SDKROOT; };
		7969F7B5170D502A005224DE /* Foundation.framework */ = {isa = PBXFileReference; lastKnownFileType = wrapper.framework; name = Foundation.framework; path = System/Library/Frameworks/Foundation.framework; sourceTree = SDKROOT; };
		7969F7B7170D502A005224DE /* CoreGraphics.framework */ = {isa = PBXFileReference; lastKnownFileType = wrapper.framework; name = CoreGraphics.framework; path = System/Library/Frameworks/CoreGraphics.framework; sourceTree = SDKROOT; };
		7969F7BB170D502A005224DE /* pedotoys-Info.plist */ = {isa = PBXFileReference; lastKnownFileType = text.plist.xml; path = "pedotoys-Info.plist"; sourceTree = "<group>"; };
		7969F7BF170D502A005224DE /* main.m */ = {isa = PBXFileReference; lastKnownFileType = sourcecode.c.objc; path = main.m; sourceTree = "<group>"; };
		7969F7C1170D502A005224DE /* pedotoys-Prefix.pch */ = {isa = PBXFileReference; lastKnownFileType = sourcecode.c.h; path = "pedotoys-Prefix.pch"; sourceTree = "<group>"; };
		7969F7C2170D502A005224DE /* AppDelegate.h */ = {isa = PBXFileReference; lastKnownFileType = sourcecode.c.h; path = AppDelegate.h; sourceTree = "<group>"; };
		7969F7C3170D502A005224DE /* AppDelegate.m */ = {isa = PBXFileReference; lastKnownFileType = sourcecode.c.objc; path = AppDelegate.m; sourceTree = "<group>"; };
		7969F7C5170D502A005224DE /* Default.png */ = {isa = PBXFileReference; lastKnownFileType = image.png; path = Default.png; sourceTree = "<group>"; };
		7969F7C7170D502A005224DE /* Default@2x.png */ = {isa = PBXFileReference; lastKnownFileType = image.png; path = "Default@2x.png"; sourceTree = "<group>"; };
		7969F7C9170D502A005224DE /* Default-568h@2x.png */ = {isa = PBXFileReference; lastKnownFileType = image.png; path = "Default-568h@2x.png"; sourceTree = "<group>"; };
		7969F7CE170D502A005224DE /* ViewController.h */ = {isa = PBXFileReference; fileEncoding = 4; lastKnownFileType = sourcecode.c.h; path = ViewController.h; sourceTree = "<group>"; };
		7969F7CF170D502A005224DE /* ViewController.m */ = {isa = PBXFileReference; lastKnownFileType = sourcecode.c.objc; path = ViewController.m; sourceTree = "<group>"; };
		7969FB2F170D862A005224DE /* MoneyView.h */ = {isa = PBXFileReference; fileEncoding = 4; lastKnownFileType = sourcecode.c.h; path = MoneyView.h; sourceTree = "<group>"; };
		7969FB30170D862A005224DE /* MoneyView.m */ = {isa = PBXFileReference; fileEncoding = 4; lastKnownFileType = sourcecode.c.objc; path = MoneyView.m; sourceTree = "<group>"; };
		7969FB32170D8648005224DE /* MoneyView.xib */ = {isa = PBXFileReference; fileEncoding = 4; lastKnownFileType = file.xib; path = MoneyView.xib; sourceTree = "<group>"; };
		7969FB3F170D8DE1005224DE /* subtle_white_feathers.png */ = {isa = PBXFileReference; lastKnownFileType = image.png; path = subtle_white_feathers.png; sourceTree = "<group>"; };
		7969FB40170D8DE1005224DE /* subtle_white_feathers_@2X.png */ = {isa = PBXFileReference; lastKnownFileType = image.png; path = "subtle_white_feathers_@2X.png"; sourceTree = "<group>"; };
		7969FB43170D8E9A005224DE /* CoreMotion.framework */ = {isa = PBXFileReference; lastKnownFileType = wrapper.framework; name = CoreMotion.framework; path = System/Library/Frameworks/CoreMotion.framework; sourceTree = SDKROOT; };
		7969FB45170D8EA5005224DE /* CoreLocation.framework */ = {isa = PBXFileReference; lastKnownFileType = wrapper.framework; name = CoreLocation.framework; path = System/Library/Frameworks/CoreLocation.framework; sourceTree = SDKROOT; };
		7969FB4D170D945F005224DE /* coin.png */ = {isa = PBXFileReference; lastKnownFileType = image.png; path = coin.png; sourceTree = "<group>"; };
		7969FB4E170D945F005224DE /* add_coin.png */ = {isa = PBXFileReference; lastKnownFileType = image.png; path = add_coin.png; sourceTree = "<group>"; };
		7969FB4F170D945F005224DE /* coin_bag.png */ = {isa = PBXFileReference; lastKnownFileType = image.png; path = coin_bag.png; sourceTree = "<group>"; };
		7969FB53170D96C2005224DE /* README.md */ = {isa = PBXFileReference; fileEncoding = 4; lastKnownFileType = text; path = README.md; sourceTree = "<group>"; };
		7969FB55170D9B80005224DE /* step.png */ = {isa = PBXFileReference; lastKnownFileType = image.png; path = step.png; sourceTree = "<group>"; };
		7969FB57170D9BEB005224DE /* StepView.xib */ = {isa = PBXFileReference; fileEncoding = 4; lastKnownFileType = file.xib; path = StepView.xib; sourceTree = "<group>"; };
		7969FB5D170D9E70005224DE /* StepView.h */ = {isa = PBXFileReference; fileEncoding = 4; lastKnownFileType = sourcecode.c.h; path = StepView.h; sourceTree = "<group>"; };
		7969FB5E170D9E70005224DE /* StepView.m */ = {isa = PBXFileReference; fileEncoding = 4; lastKnownFileType = sourcecode.c.objc; path = StepView.m; sourceTree = "<group>"; };
		7969FB60170D9F70005224DE /* grey_wash_wall_@2X.png */ = {isa = PBXFileReference; lastKnownFileType = image.png; path = "grey_wash_wall_@2X.png"; sourceTree = "<group>"; };
		7969FB61170D9F70005224DE /* grey_wash_wall.png */ = {isa = PBXFileReference; lastKnownFileType = image.png; path = grey_wash_wall.png; sourceTree = "<group>"; };
		7969FB64170DA5D6005224DE /* WeatherView.xib */ = {isa = PBXFileReference; fileEncoding = 4; lastKnownFileType = file.xib; path = WeatherView.xib; sourceTree = "<group>"; };
		7969FB68170DAC1D005224DE /* weather_widget.png */ = {isa = PBXFileReference; lastKnownFileType = image.png; path = weather_widget.png; sourceTree = "<group>"; };
		7969FB6C170DAD69005224DE /* weather_background.png */ = {isa = PBXFileReference; lastKnownFileType = image.png; path = weather_background.png; sourceTree = "<group>"; };
		7969FB6E170DB06E005224DE /* WeatherView.h */ = {isa = PBXFileReference; fileEncoding = 4; lastKnownFileType = sourcecode.c.h; path = WeatherView.h; sourceTree = "<group>"; };
		7969FB6F170DB06E005224DE /* WeatherView.m */ = {isa = PBXFileReference; fileEncoding = 4; lastKnownFileType = sourcecode.c.objc; path = WeatherView.m; sourceTree = "<group>"; };
		7969FB76170DB4E0005224DE /* UIViewController+WeatherView.h */ = {isa = PBXFileReference; fileEncoding = 4; lastKnownFileType = sourcecode.c.h; path = "UIViewController+WeatherView.h"; sourceTree = "<group>"; };
		7969FB77170DB4E0005224DE /* UIViewController+WeatherView.m */ = {isa = PBXFileReference; fileEncoding = 4; lastKnownFileType = sourcecode.c.objc; path = "UIViewController+WeatherView.m"; sourceTree = "<group>"; };
		7969FB7F170DE53E005224DE /* add_coin@2X.png */ = {isa = PBXFileReference; lastKnownFileType = image.png; path = "add_coin@2X.png"; sourceTree = "<group>"; };
		7969FB80170DE53E005224DE /* coin_bag@2X.png */ = {isa = PBXFileReference; lastKnownFileType = image.png; path = "coin_bag@2X.png"; sourceTree = "<group>"; };
		7969FB81170DE53E005224DE /* coin@2X.png */ = {isa = PBXFileReference; lastKnownFileType = image.png; path = "coin@2X.png"; sourceTree = "<group>"; };
		7969FB85170DED78005224DE /* step_bg.png */ = {isa = PBXFileReference; lastKnownFileType = image.png; path = step_bg.png; sourceTree = "<group>"; };
		7969FB87170DEF3E005224DE /* PedometerViewController.h */ = {isa = PBXFileReference; fileEncoding = 4; lastKnownFileType = sourcecode.c.h; path = PedometerViewController.h; sourceTree = "<group>"; };
		7969FB88170DEF3E005224DE /* PedometerViewController.m */ = {isa = PBXFileReference; fileEncoding = 4; lastKnownFileType = sourcecode.c.objc; path = PedometerViewController.m; sourceTree = "<group>"; };
		7969FBA0170DFB35005224DE /* en */ = {isa = PBXFileReference; lastKnownFileType = text.plist.strings; name = en; path = en.lproj/InfoPlist.strings; sourceTree = "<group>"; };
		7969FBA3170DFB41005224DE /* en */ = {isa = PBXFileReference; lastKnownFileType = file.storyboard; name = en; path = en.lproj/MainStoryboard.storyboard; sourceTree = "<group>"; };
		7969FBAB170DFBB7005224DE /* Http.h */ = {isa = PBXFileReference; fileEncoding = 4; lastKnownFileType = sourcecode.c.h; path = Http.h; sourceTree = "<group>"; };
		7969FBAC170DFBB7005224DE /* Http.m */ = {isa = PBXFileReference; fileEncoding = 4; lastKnownFileType = sourcecode.c.objc; path = Http.m; sourceTree = "<group>"; };
		7969FBAD170DFBB7005224DE /* ios-module-Prefix.pch */ = {isa = PBXFileReference; fileEncoding = 4; lastKnownFileType = sourcecode.c.h; path = "ios-module-Prefix.pch"; sourceTree = "<group>"; };
		7969FBAE170DFBB7005224DE /* ios_module.h */ = {isa = PBXFileReference; fileEncoding = 4; lastKnownFileType = sourcecode.c.h; path = ios_module.h; sourceTree = "<group>"; };
		7969FBAF170DFBB7005224DE /* ios_module.m */ = {isa = PBXFileReference; fileEncoding = 4; lastKnownFileType = sourcecode.c.objc; path = ios_module.m; sourceTree = "<group>"; };
		7969FBB0170DFBB7005224DE /* JSONKit.h */ = {isa = PBXFileReference; fileEncoding = 4; lastKnownFileType = sourcecode.c.h; path = JSONKit.h; sourceTree = "<group>"; };
		7969FBB1170DFBB7005224DE /* JSONKit.m */ = {isa = PBXFileReference; fileEncoding = 4; lastKnownFileType = sourcecode.c.objc; path = JSONKit.m; sourceTree = "<group>"; };
		7969FBB2170DFBB7005224DE /* MethodSwizzle.c */ = {isa = PBXFileReference; fileEncoding = 4; lastKnownFileType = sourcecode.c.c; path = MethodSwizzle.c; sourceTree = "<group>"; };
		7969FBB3170DFBB7005224DE /* MethodSwizzle.h */ = {isa = PBXFileReference; fileEncoding = 4; lastKnownFileType = sourcecode.c.h; path = MethodSwizzle.h; sourceTree = "<group>"; };
		7969FBB4170DFBB7005224DE /* MotionViewController.h */ = {isa = PBXFileReference; fileEncoding = 4; lastKnownFileType = sourcecode.c.h; path = MotionViewController.h; sourceTree = "<group>"; };
		7969FBB5170DFBB7005224DE /* MotionViewController.m */ = {isa = PBXFileReference; fileEncoding = 4; lastKnownFileType = sourcecode.c.objc; path = MotionViewController.m; sourceTree = "<group>"; };
		7969FBB6170DFBB7005224DE /* MoveViewController.h */ = {isa = PBXFileReference; fileEncoding = 4; lastKnownFileType = sourcecode.c.h; path = MoveViewController.h; sourceTree = "<group>"; };
		7969FBB7170DFBB7005224DE /* MoveViewController.m */ = {isa = PBXFileReference; fileEncoding = 4; lastKnownFileType = sourcecode.c.objc; path = MoveViewController.m; sourceTree = "<group>"; };
		7969FBB8170DFBB7005224DE /* NSArray+Addition.h */ = {isa = PBXFileReference; fileEncoding = 4; lastKnownFileType = sourcecode.c.h; path = "NSArray+Addition.h"; sourceTree = "<group>"; };
		7969FBB9170DFBB7005224DE /* NSArray+Addition.m */ = {isa = PBXFileReference; fileEncoding = 4; lastKnownFileType = sourcecode.c.objc; path = "NSArray+Addition.m"; sourceTree = "<group>"; };
		7969FBBA170DFBB7005224DE /* NSObject+PropertyListing.h */ = {isa = PBXFileReference; fileEncoding = 4; lastKnownFileType = sourcecode.c.h; path = "NSObject+PropertyListing.h"; sourceTree = "<group>"; };
		7969FBBB170DFBB7005224DE /* NSObject+PropertyListing.m */ = {isa = PBXFileReference; fileEncoding = 4; lastKnownFileType = sourcecode.c.objc; path = "NSObject+PropertyListing.m"; sourceTree = "<group>"; };
		7969FBBC170DFBB7005224DE /* NSObject+Swizzle.h */ = {isa = PBXFileReference; fileEncoding = 4; lastKnownFileType = sourcecode.c.h; path = "NSObject+Swizzle.h"; sourceTree = "<group>"; };
		7969FBBD170DFBB7005224DE /* NSObject+Swizzle.m */ = {isa = PBXFileReference; fileEncoding = 4; lastKnownFileType = sourcecode.c.objc; path = "NSObject+Swizzle.m"; sourceTree = "<group>"; };
		7969FBBE170DFBB7005224DE /* NSUserDefaults+MPSecureUserDefaults.h */ = {isa = PBXFileReference; fileEncoding = 4; lastKnownFileType = sourcecode.c.h; path = "NSUserDefaults+MPSecureUserDefaults.h"; sourceTree = "<group>"; };
		7969FBBF170DFBB7005224DE /* NSUserDefaults+MPSecureUserDefaults.m */ = {isa = PBXFileReference; fileEncoding = 4; lastKnownFileType = sourcecode.c.objc; path = "NSUserDefaults+MPSecureUserDefaults.m"; sourceTree = "<group>"; };
		7969FBC0170DFBB7005224DE /* OpenWeatherMap.h */ = {isa = PBXFileReference; fileEncoding = 4; lastKnownFileType = sourcecode.c.h; path = OpenWeatherMap.h; sourceTree = "<group>"; };
		7969FBC1170DFBB7005224DE /* OpenWeatherMap.m */ = {isa = PBXFileReference; fileEncoding = 4; lastKnownFileType = sourcecode.c.objc; path = OpenWeatherMap.m; sourceTree = "<group>"; };
		7969FBC2170DFBB7005224DE /* ShakeViewController.h */ = {isa = PBXFileReference; fileEncoding = 4; lastKnownFileType = sourcecode.c.h; path = ShakeViewController.h; sourceTree = "<group>"; };
		7969FBC3170DFBB7005224DE /* ShakeViewController.m */ = {isa = PBXFileReference; fileEncoding = 4; lastKnownFileType = sourcecode.c.objc; path = ShakeViewController.m; sourceTree = "<group>"; };
		7969FBC4170DFBB7005224DE /* Station.h */ = {isa = PBXFileReference; fileEncoding = 4; lastKnownFileType = sourcecode.c.h; path = Station.h; sourceTree = "<group>"; };
		7969FBC5170DFBB7005224DE /* Station.m */ = {isa = PBXFileReference; fileEncoding = 4; lastKnownFileType = sourcecode.c.objc; path = Station.m; sourceTree = "<group>"; };
		7969FBC6170DFBB7005224DE /* UIView+Addition.h */ = {isa = PBXFileReference; fileEncoding = 4; lastKnownFileType = sourcecode.c.h; path = "UIView+Addition.h"; sourceTree = "<group>"; };
		7969FBC7170DFBB7005224DE /* UIView+Addition.m */ = {isa = PBXFileReference; fileEncoding = 4; lastKnownFileType = sourcecode.c.objc; path = "UIView+Addition.m"; sourceTree = "<group>"; };
		7969FBC8170DFBB7005224DE /* UIViewController+StoryboardExtend.h */ = {isa = PBXFileReference; fileEncoding = 4; lastKnownFileType = sourcecode.c.h; path = "UIViewController+StoryboardExtend.h"; sourceTree = "<group>"; };
		7969FBC9170DFBB7005224DE /* UIViewController+StoryboardExtend.m */ = {isa = PBXFileReference; fileEncoding = 4; lastKnownFileType = sourcecode.c.objc; path = "UIViewController+StoryboardExtend.m"; sourceTree = "<group>"; };
		7969FBCA170DFBB7005224DE /* Weather.h */ = {isa = PBXFileReference; fileEncoding = 4; lastKnownFileType = sourcecode.c.h; path = Weather.h; sourceTree = "<group>"; };
		7969FBCB170DFBB7005224DE /* Weather.m */ = {isa = PBXFileReference; fileEncoding = 4; lastKnownFileType = sourcecode.c.objc; path = Weather.m; sourceTree = "<group>"; };
		7969FBE2170E0707005224DE /* BaseModel.h */ = {isa = PBXFileReference; fileEncoding = 4; lastKnownFileType = sourcecode.c.h; path = BaseModel.h; sourceTree = "<group>"; };
		7969FBE3170E0707005224DE /* BaseModel.m */ = {isa = PBXFileReference; fileEncoding = 4; lastKnownFileType = sourcecode.c.objc; path = BaseModel.m; sourceTree = "<group>"; };
		7969FBEC170E1E3B005224DE /* Defaults.plist */ = {isa = PBXFileReference; fileEncoding = 4; lastKnownFileType = text.plist.xml; path = Defaults.plist; sourceTree = "<group>"; };
		796BBF76171471E900EDBC7A /* FacebookSDK.framework */ = {isa = PBXFileReference; lastKnownFileType = wrapper.framework; name = FacebookSDK.framework; path = "../ios-module/FacebookSDK.framework"; sourceTree = "<group>"; };
		796BBF78171472BC00EDBC7A /* AdSupport.framework */ = {isa = PBXFileReference; lastKnownFileType = wrapper.framework; name = AdSupport.framework; path = System/Library/Frameworks/AdSupport.framework; sourceTree = SDKROOT; };
		796BBF891714954100EDBC7A /* UIResponder+Facebook.h */ = {isa = PBXFileReference; fileEncoding = 4; lastKnownFileType = sourcecode.c.h; path = "UIResponder+Facebook.h"; sourceTree = "<group>"; };
		796BBF8A1714954100EDBC7A /* UIResponder+Facebook.m */ = {isa = PBXFileReference; fileEncoding = 4; lastKnownFileType = sourcecode.c.objc; path = "UIResponder+Facebook.m"; sourceTree = "<group>"; };
		796BBF8C17149B0B00EDBC7A /* MessageUI.framework */ = {isa = PBXFileReference; lastKnownFileType = wrapper.framework; name = MessageUI.framework; path = System/Library/Frameworks/MessageUI.framework; sourceTree = SDKROOT; };
		79786BB017134155006A8B98 /* SettingViewController.h */ = {isa = PBXFileReference; fileEncoding = 4; lastKnownFileType = sourcecode.c.h; path = SettingViewController.h; sourceTree = "<group>"; };
		79786BB117134155006A8B98 /* SettingViewController.m */ = {isa = PBXFileReference; fileEncoding = 4; lastKnownFileType = sourcecode.c.objc; path = SettingViewController.m; sourceTree = "<group>"; };
		79909A5B170EA45A0056CD96 /* step_stop.png */ = {isa = PBXFileReference; lastKnownFileType = image.png; path = step_stop.png; sourceTree = "<group>"; };
		79909A62170EBB5D0056CD96 /* finger_icon.png */ = {isa = PBXFileReference; lastKnownFileType = image.png; path = finger_icon.png; sourceTree = "<group>"; };
		79909A66170EC6770056CD96 /* PekoViewController.h */ = {isa = PBXFileReference; fileEncoding = 4; lastKnownFileType = sourcecode.c.h; path = PekoViewController.h; sourceTree = "<group>"; };
		79909A67170EC6770056CD96 /* PekoViewController.m */ = {isa = PBXFileReference; fileEncoding = 4; lastKnownFileType = sourcecode.c.objc; path = PekoViewController.m; sourceTree = "<group>"; };
		79909A71170ED5D90056CD96 /* question_done.png */ = {isa = PBXFileReference; lastKnownFileType = image.png; path = question_done.png; sourceTree = "<group>"; };
		79909A73170ED6530056CD96 /* question.png */ = {isa = PBXFileReference; lastKnownFileType = image.png; path = question.png; sourceTree = "<group>"; };
		79909A79170F000B0056CD96 /* ToyView.xib */ = {isa = PBXFileReference; fileEncoding = 4; lastKnownFileType = file.xib; path = ToyView.xib; sourceTree = "<group>"; };
		79909A7B170F075D0056CD96 /* close.png */ = {isa = PBXFileReference; lastKnownFileType = image.png; path = close.png; sourceTree = "<group>"; };
		79909A7D170F08280056CD96 /* ToyView.h */ = {isa = PBXFileReference; fileEncoding = 4; lastKnownFileType = sourcecode.c.h; path = ToyView.h; sourceTree = "<group>"; };
		79909A7E170F08280056CD96 /* ToyView.m */ = {isa = PBXFileReference; fileEncoding = 4; lastKnownFileType = sourcecode.c.objc; path = ToyView.m; sourceTree = "<group>"; };
		79909A80170F0C320056CD96 /* AudioToolbox.framework */ = {isa = PBXFileReference; lastKnownFileType = wrapper.framework; name = AudioToolbox.framework; path = System/Library/Frameworks/AudioToolbox.framework; sourceTree = SDKROOT; };
		79909A89170F0DAE0056CD96 /* AudioToolkit.h */ = {isa = PBXFileReference; fileEncoding = 4; lastKnownFileType = sourcecode.c.h; path = AudioToolkit.h; sourceTree = "<group>"; };
		79909A8A170F0DAE0056CD96 /* AudioToolkit.m */ = {isa = PBXFileReference; fileEncoding = 4; lastKnownFileType = sourcecode.c.objc; path = AudioToolkit.m; sourceTree = "<group>"; };
		79909A8E170F0DF40056CD96 /* coin_get.mp3 */ = {isa = PBXFileReference; lastKnownFileType = audio.mp3; path = coin_get.mp3; sourceTree = "<group>"; };
		79909A9A170F1CEF0056CD96 /* PedoData.h */ = {isa = PBXFileReference; fileEncoding = 4; lastKnownFileType = sourcecode.c.h; path = PedoData.h; sourceTree = "<group>"; };
		79909A9B170F1CEF0056CD96 /* PedoData.m */ = {isa = PBXFileReference; fileEncoding = 4; lastKnownFileType = sourcecode.c.objc; path = PedoData.m; sourceTree = "<group>"; };
		79909A9D170F263C0056CD96 /* coin_spend.mp3 */ = {isa = PBXFileReference; lastKnownFileType = audio.mp3; path = coin_spend.mp3; sourceTree = "<group>"; };
		79909A9F170F2B940056CD96 /* step_icon.png */ = {isa = PBXFileReference; lastKnownFileType = image.png; path = step_icon.png; sourceTree = "<group>"; };
		79996CBB17111A4400DE0F26 /* 57x57.png */ = {isa = PBXFileReference; lastKnownFileType = image.png; path = 57x57.png; sourceTree = "<group>"; };
		79996CBD17111A6500DE0F26 /* 114x114.png */ = {isa = PBXFileReference; lastKnownFileType = image.png; path = 114x114.png; sourceTree = "<group>"; };
		79AC33071713BA24001F810D /* ShareButton.h */ = {isa = PBXFileReference; fileEncoding = 4; lastKnownFileType = sourcecode.c.h; path = ShareButton.h; sourceTree = "<group>"; };
		79AC33081713BA24001F810D /* ShareButton.m */ = {isa = PBXFileReference; fileEncoding = 4; lastKnownFileType = sourcecode.c.objc; path = ShareButton.m; sourceTree = "<group>"; };
		79AC330D1713BC5E001F810D /* Accounts.framework */ = {isa = PBXFileReference; lastKnownFileType = wrapper.framework; name = Accounts.framework; path = System/Library/Frameworks/Accounts.framework; sourceTree = SDKROOT; };
		79AC330F1713BC64001F810D /* Social.framework */ = {isa = PBXFileReference; lastKnownFileType = wrapper.framework; name = Social.framework; path = System/Library/Frameworks/Social.framework; sourceTree = SDKROOT; };
		79AC33111713CDBF001F810D /* Twitter.framework */ = {isa = PBXFileReference; lastKnownFileType = wrapper.framework; name = Twitter.framework; path = System/Library/Frameworks/Twitter.framework; sourceTree = SDKROOT; };
		79AC332517141BEF001F810D /* libsqlite3.dylib */ = {isa = PBXFileReference; lastKnownFileType = "compiled.mach-o.dylib"; name = libsqlite3.dylib; path = usr/lib/libsqlite3.dylib; sourceTree = SDKROOT; };
		79EFE008171194700057777F /* QuartzCore.framework */ = {isa = PBXFileReference; lastKnownFileType = wrapper.framework; name = QuartzCore.framework; path = System/Library/Frameworks/QuartzCore.framework; sourceTree = SDKROOT; };
		79EFE00D171198870057777F /* box_icon.png */ = {isa = PBXFileReference; lastKnownFileType = image.png; path = box_icon.png; sourceTree = "<group>"; };
		79EFE00F171199CA0057777F /* setting_icon.png */ = {isa = PBXFileReference; lastKnownFileType = image.png; path = setting_icon.png; sourceTree = "<group>"; };
		79EFE01117119A010057777F /* ToysViewController.h */ = {isa = PBXFileReference; fileEncoding = 4; lastKnownFileType = sourcecode.c.h; path = ToysViewController.h; sourceTree = "<group>"; };
		79EFE01217119A010057777F /* ToysViewController.m */ = {isa = PBXFileReference; fileEncoding = 4; lastKnownFileType = sourcecode.c.objc; path = ToysViewController.m; sourceTree = "<group>"; };
		79EFE0141711A2D00057777F /* unknown.png */ = {isa = PBXFileReference; lastKnownFileType = image.png; path = unknown.png; sourceTree = "<group>"; };
/* End PBXFileReference section */

/* Begin PBXFrameworksBuildPhase section */
		7969F7AC170D502A005224DE /* Frameworks */ = {
			isa = PBXFrameworksBuildPhase;
			buildActionMask = 2147483647;
			files = (
				796BBF8D17149B0C00EDBC7A /* MessageUI.framework in Frameworks */,
				796BBF77171471E900EDBC7A /* FacebookSDK.framework in Frameworks */,
				79AC332617141BEF001F810D /* libsqlite3.dylib in Frameworks */,
				79AC33121713CDBF001F810D /* Twitter.framework in Frameworks */,
				79AC33101713BC64001F810D /* Social.framework in Frameworks */,
				796BBF79171472BC00EDBC7A /* AdSupport.framework in Frameworks */,
				79AC330E1713BC5E001F810D /* Accounts.framework in Frameworks */,
				79EFE009171194700057777F /* QuartzCore.framework in Frameworks */,
				79909A81170F0C320056CD96 /* AudioToolbox.framework in Frameworks */,
				7969FB46170D8EA5005224DE /* CoreLocation.framework in Frameworks */,
				7969FB44170D8E9A005224DE /* CoreMotion.framework in Frameworks */,
				7969F7B4170D502A005224DE /* UIKit.framework in Frameworks */,
				7969F7B6170D502A005224DE /* Foundation.framework in Frameworks */,
				7969F7B8170D502A005224DE /* CoreGraphics.framework in Frameworks */,
			);
			runOnlyForDeploymentPostprocessing = 0;
		};
/* End PBXFrameworksBuildPhase section */

/* Begin PBXGroup section */
		792BFC94171003640085A306 /* Weather */ = {
			isa = PBXGroup;
			children = (
				792BFC971710118F0085A306 /* 01d.png */,
				792BFC9F1710118F0085A306 /* 01n.png */,
				792BFC9A1710118F0085A306 /* 02d.png */,
				792BFC9E1710118F0085A306 /* 02n.png */,
				792BFC981710118F0085A306 /* 0304.png */,
				792BFCBD17101DB00085A306 /* 09.png */,
				792BFC9C1710118F0085A306 /* 10d.png */,
				792BFCA11710118F0085A306 /* 10n.png */,
				792BFCBB17101BC10085A306 /* 11.png */,
				792BFCBE17101DB10085A306 /* 13.png */,
				792BFCB5171014330085A306 /* 50.png */,
			);
			name = Weather;
			sourceTree = "<group>";
		};
		7969F7A4170D502A005224DE = {
			isa = PBXGroup;
			children = (
				79996CBD17111A6500DE0F26 /* 114x114.png */,
				79996CBB17111A4400DE0F26 /* 57x57.png */,
				7969FB53170D96C2005224DE /* README.md */,
				7969FBAA170DFBB7005224DE /* ios-module */,
				7969F7B9170D502A005224DE /* pedotoys */,
				7969F7B2170D502A005224DE /* Frameworks */,
				7969F7B0170D502A005224DE /* Products */,
			);
			sourceTree = "<group>";
		};
		7969F7B0170D502A005224DE /* Products */ = {
			isa = PBXGroup;
			children = (
				7969F7AF170D502A005224DE /* pedotoys.app */,
			);
			name = Products;
			sourceTree = "<group>";
		};
		7969F7B2170D502A005224DE /* Frameworks */ = {
			isa = PBXGroup;
			children = (
				796BBF8C17149B0B00EDBC7A /* MessageUI.framework */,
				796BBF78171472BC00EDBC7A /* AdSupport.framework */,
				796BBF76171471E900EDBC7A /* FacebookSDK.framework */,
				79AC332517141BEF001F810D /* libsqlite3.dylib */,
				79AC33111713CDBF001F810D /* Twitter.framework */,
				79AC330F1713BC64001F810D /* Social.framework */,
				79AC330D1713BC5E001F810D /* Accounts.framework */,
				79EFE008171194700057777F /* QuartzCore.framework */,
				79909A80170F0C320056CD96 /* AudioToolbox.framework */,
				7969FB45170D8EA5005224DE /* CoreLocation.framework */,
				7969FB43170D8E9A005224DE /* CoreMotion.framework */,
				7969F7B3170D502A005224DE /* UIKit.framework */,
				7969F7B5170D502A005224DE /* Foundation.framework */,
				7969F7B7170D502A005224DE /* CoreGraphics.framework */,
			);
			name = Frameworks;
			sourceTree = "<group>";
		};
		7969F7B9170D502A005224DE /* pedotoys */ = {
			isa = PBXGroup;
			children = (
				792BFCCC17102C2F0085A306 /* Toys */,
				7969FB8A170DF4BE005224DE /* Models */,
				7969FB71170DB188005224DE /* ViewControllers */,
				7969FB3E170D8DE1005224DE /* Resources */,
				7969FB29170D8557005224DE /* Views */,
				7969F7C2170D502A005224DE /* AppDelegate.h */,
				7969F7C3170D502A005224DE /* AppDelegate.m */,
				7969F7CE170D502A005224DE /* ViewController.h */,
				7969F7CF170D502A005224DE /* ViewController.m */,
				7969FBA2170DFB41005224DE /* MainStoryboard.storyboard */,
				7969F7BA170D502A005224DE /* Supporting Files */,
			);
			path = pedotoys;
			sourceTree = "<group>";
		};
		7969F7BA170D502A005224DE /* Supporting Files */ = {
			isa = PBXGroup;
			children = (
				7969FB9F170DFB35005224DE /* InfoPlist.strings */,
				7969F7BB170D502A005224DE /* pedotoys-Info.plist */,
				7969F7BF170D502A005224DE /* main.m */,
				7969F7C1170D502A005224DE /* pedotoys-Prefix.pch */,
				7969F7C5170D502A005224DE /* Default.png */,
				7969F7C7170D502A005224DE /* Default@2x.png */,
				7969F7C9170D502A005224DE /* Default-568h@2x.png */,
				7969FBEC170E1E3B005224DE /* Defaults.plist */,
			);
			name = "Supporting Files";
			sourceTree = "<group>";
		};
		7969FB29170D8557005224DE /* Views */ = {
			isa = PBXGroup;
			children = (
				79909A75170EE03B0056CD96 /* ToyView */,
				7969FBEB170E1D64005224DE /* StepView */,
				7969FBE9170E1D56005224DE /* MoneyView */,
				7969FB75170DB4C2005224DE /* WeatherView */,
			);
			name = Views;
			sourceTree = "<group>";
		};
		7969FB3E170D8DE1005224DE /* Resources */ = {
			isa = PBXGroup;
			children = (
				79909A8D170F0DD90056CD96 /* Images */,
				79909A8C170F0DCC0056CD96 /* Sounds */,
			);
			path = Resources;
			sourceTree = "<group>";
		};
		7969FB4B170D9400005224DE /* Money */ = {
			isa = PBXGroup;
			children = (
				7969FB7F170DE53E005224DE /* add_coin@2X.png */,
				7969FB80170DE53E005224DE /* coin_bag@2X.png */,
				7969FB81170DE53E005224DE /* coin@2X.png */,
				7969FB4D170D945F005224DE /* coin.png */,
				7969FB4E170D945F005224DE /* add_coin.png */,
				7969FB4F170D945F005224DE /* coin_bag.png */,
			);
			name = Money;
			sourceTree = "<group>";
		};
		7969FB4C170D9406005224DE /* Background */ = {
			isa = PBXGroup;
			children = (
				7969FB85170DED78005224DE /* step_bg.png */,
				7969FB6C170DAD69005224DE /* weather_background.png */,
				7969FB68170DAC1D005224DE /* weather_widget.png */,
				7969FB60170D9F70005224DE /* grey_wash_wall_@2X.png */,
				7969FB61170D9F70005224DE /* grey_wash_wall.png */,
				7969FB3F170D8DE1005224DE /* subtle_white_feathers.png */,
				7969FB40170D8DE1005224DE /* subtle_white_feathers_@2X.png */,
			);
			name = Background;
			sourceTree = "<group>";
		};
		7969FB71170DB188005224DE /* ViewControllers */ = {
			isa = PBXGroup;
			children = (
				7969FB87170DEF3E005224DE /* PedometerViewController.h */,
				7969FB88170DEF3E005224DE /* PedometerViewController.m */,
				79909A66170EC6770056CD96 /* PekoViewController.h */,
				79909A67170EC6770056CD96 /* PekoViewController.m */,
				79EFE01117119A010057777F /* ToysViewController.h */,
				79EFE01217119A010057777F /* ToysViewController.m */,
				79786BB017134155006A8B98 /* SettingViewController.h */,
				79786BB117134155006A8B98 /* SettingViewController.m */,
			);
			name = ViewControllers;
			sourceTree = "<group>";
		};
		7969FB75170DB4C2005224DE /* WeatherView */ = {
			isa = PBXGroup;
			children = (
				7969FB6E170DB06E005224DE /* WeatherView.h */,
				7969FB6F170DB06E005224DE /* WeatherView.m */,
				7969FB64170DA5D6005224DE /* WeatherView.xib */,
				7969FB76170DB4E0005224DE /* UIViewController+WeatherView.h */,
				7969FB77170DB4E0005224DE /* UIViewController+WeatherView.m */,
			);
			name = WeatherView;
			sourceTree = "<group>";
		};
		7969FB8A170DF4BE005224DE /* Models */ = {
			isa = PBXGroup;
			children = (
				7969FBE2170E0707005224DE /* BaseModel.h */,
				7969FBE3170E0707005224DE /* BaseModel.m */,
				79909A9A170F1CEF0056CD96 /* PedoData.h */,
				79909A9B170F1CEF0056CD96 /* PedoData.m */,
				792BFCC917102AC20085A306 /* ToyCenter.h */,
				792BFCCA17102AC20085A306 /* ToyCenter.m */,
				792BFCD21710317F0085A306 /* Toy.h */,
				792BFCD31710317F0085A306 /* Toy.m */,
			);
			name = Models;
			sourceTree = "<group>";
		};
		7969FBAA170DFBB7005224DE /* ios-module */ = {
			isa = PBXGroup;
			children = (
				796BBF891714954100EDBC7A /* UIResponder+Facebook.h */,
				796BBF8A1714954100EDBC7A /* UIResponder+Facebook.m */,
				79AC33071713BA24001F810D /* ShareButton.h */,
				79AC33081713BA24001F810D /* ShareButton.m */,
				792BFCDD171036110085A306 /* NSObject+JSONKit.h */,
				792BFCDE171036110085A306 /* NSObject+JSONKit.m */,
				79909A89170F0DAE0056CD96 /* AudioToolkit.h */,
				79909A8A170F0DAE0056CD96 /* AudioToolkit.m */,
				7969FBAB170DFBB7005224DE /* Http.h */,
				7969FBAC170DFBB7005224DE /* Http.m */,
				7969FBAD170DFBB7005224DE /* ios-module-Prefix.pch */,
				7969FBAE170DFBB7005224DE /* ios_module.h */,
				7969FBAF170DFBB7005224DE /* ios_module.m */,
				7969FBB0170DFBB7005224DE /* JSONKit.h */,
				7969FBB1170DFBB7005224DE /* JSONKit.m */,
				7969FBB2170DFBB7005224DE /* MethodSwizzle.c */,
				7969FBB3170DFBB7005224DE /* MethodSwizzle.h */,
				7969FBB4170DFBB7005224DE /* MotionViewController.h */,
				7969FBB5170DFBB7005224DE /* MotionViewController.m */,
				7969FBB6170DFBB7005224DE /* MoveViewController.h */,
				7969FBB7170DFBB7005224DE /* MoveViewController.m */,
				7969FBB8170DFBB7005224DE /* NSArray+Addition.h */,
				7969FBB9170DFBB7005224DE /* NSArray+Addition.m */,
				7969FBBA170DFBB7005224DE /* NSObject+PropertyListing.h */,
				7969FBBB170DFBB7005224DE /* NSObject+PropertyListing.m */,
				7969FBBC170DFBB7005224DE /* NSObject+Swizzle.h */,
				7969FBBD170DFBB7005224DE /* NSObject+Swizzle.m */,
				7969FBBE170DFBB7005224DE /* NSUserDefaults+MPSecureUserDefaults.h */,
				7969FBBF170DFBB7005224DE /* NSUserDefaults+MPSecureUserDefaults.m */,
				7969FBC0170DFBB7005224DE /* OpenWeatherMap.h */,
				7969FBC1170DFBB7005224DE /* OpenWeatherMap.m */,
				7969FBC2170DFBB7005224DE /* ShakeViewController.h */,
				7969FBC3170DFBB7005224DE /* ShakeViewController.m */,
				7969FBC4170DFBB7005224DE /* Station.h */,
				7969FBC5170DFBB7005224DE /* Station.m */,
				7969FBC6170DFBB7005224DE /* UIView+Addition.h */,
				7969FBC7170DFBB7005224DE /* UIView+Addition.m */,
				7969FBC8170DFBB7005224DE /* UIViewController+StoryboardExtend.h */,
				7969FBC9170DFBB7005224DE /* UIViewController+StoryboardExtend.m */,
				7969FBCA170DFBB7005224DE /* Weather.h */,
				7969FBCB170DFBB7005224DE /* Weather.m */,
			);
			name = "ios-module";
			path = "../ios-module/ios-module";
			sourceTree = "<group>";
		};
		7969FBE9170E1D56005224DE /* MoneyView */ = {
			isa = PBXGroup;
			children = (
				7969FB2F170D862A005224DE /* MoneyView.h */,
				7969FB30170D862A005224DE /* MoneyView.m */,
				7969FB32170D8648005224DE /* MoneyView.xib */,
			);
			name = MoneyView;
			sourceTree = "<group>";
		};
		7969FBEB170E1D64005224DE /* StepView */ = {
			isa = PBXGroup;
			children = (
				7969FB5D170D9E70005224DE /* StepView.h */,
				7969FB5E170D9E70005224DE /* StepView.m */,
				7969FB57170D9BEB005224DE /* StepView.xib */,
			);
			name = StepView;
			sourceTree = "<group>";
		};
		79909A75170EE03B0056CD96 /* ToyView */ = {
			isa = PBXGroup;
			children = (
				79909A79170F000B0056CD96 /* ToyView.xib */,
				79909A7D170F08280056CD96 /* ToyView.h */,
				79909A7E170F08280056CD96 /* ToyView.m */,
			);
			name = ToyView;
			sourceTree = "<group>";
		};
		79909A8C170F0DCC0056CD96 /* Sounds */ = {
			isa = PBXGroup;
			children = (
				79909A9D170F263C0056CD96 /* coin_spend.mp3 */,
				79909A8E170F0DF40056CD96 /* coin_get.mp3 */,
			);
			name = Sounds;
			sourceTree = "<group>";
		};
		79909A8D170F0DD90056CD96 /* Images */ = {
			isa = PBXGroup;
			children = (
				79EFE0141711A2D00057777F /* unknown.png */,
				79EFE00C171198550057777F /* Tabbar */,
				792BFC94171003640085A306 /* Weather */,
				79909A7B170F075D0056CD96 /* close.png */,
				79909A73170ED6530056CD96 /* question.png */,
				79909A71170ED5D90056CD96 /* question_done.png */,
				79909A5B170EA45A0056CD96 /* step_stop.png */,
				7969FB55170D9B80005224DE /* step.png */,
				7969FB4C170D9406005224DE /* Background */,
				7969FB4B170D9400005224DE /* Money */,
			);
			name = Images;
			sourceTree = "<group>";
		};
		79EFE00C171198550057777F /* Tabbar */ = {
			isa = PBXGroup;
			children = (
				79EFE00F171199CA0057777F /* setting_icon.png */,
				79EFE00D171198870057777F /* box_icon.png */,
				79909A62170EBB5D0056CD96 /* finger_icon.png */,
				79909A9F170F2B940056CD96 /* step_icon.png */,
			);
			name = Tabbar;
			sourceTree = "<group>";
		};
/* End PBXGroup section */

/* Begin PBXNativeTarget section */
		7969F7AE170D502A005224DE /* pedotoys */ = {
			isa = PBXNativeTarget;
			buildConfigurationList = 7969F7D3170D502A005224DE /* Build configuration list for PBXNativeTarget "pedotoys" */;
			buildPhases = (
				7969F7AB170D502A005224DE /* Sources */,
				7969F7AC170D502A005224DE /* Frameworks */,
				7969F7AD170D502A005224DE /* Resources */,
			);
			buildRules = (
			);
			dependencies = (
			);
			name = pedotoys;
			productName = pedotoys;
			productReference = 7969F7AF170D502A005224DE /* pedotoys.app */;
			productType = "com.apple.product-type.application";
		};
/* End PBXNativeTarget section */

/* Begin PBXProject section */
		7969F7A6170D502A005224DE /* Project object */ = {
			isa = PBXProject;
			attributes = {
				LastUpgradeCheck = 0450;
				ORGANIZATIONNAME = bmcool;
			};
			buildConfigurationList = 7969F7A9170D502A005224DE /* Build configuration list for PBXProject "pedotoys" */;
			compatibilityVersion = "Xcode 3.2";
			developmentRegion = English;
			hasScannedForEncodings = 0;
			knownRegions = (
				en,
			);
			mainGroup = 7969F7A4170D502A005224DE;
			productRefGroup = 7969F7B0170D502A005224DE /* Products */;
			projectDirPath = "";
			projectRoot = "";
			targets = (
				7969F7AE170D502A005224DE /* pedotoys */,
			);
		};
/* End PBXProject section */

/* Begin PBXResourcesBuildPhase section */
		7969F7AD170D502A005224DE /* Resources */ = {
			isa = PBXResourcesBuildPhase;
			buildActionMask = 2147483647;
			files = (
				7969F7C6170D502A005224DE /* Default.png in Resources */,
				7969F7C8170D502A005224DE /* Default@2x.png in Resources */,
				7969F7CA170D502A005224DE /* Default-568h@2x.png in Resources */,
				7969FB33170D8648005224DE /* MoneyView.xib in Resources */,
				7969FB41170D8DE1005224DE /* subtle_white_feathers.png in Resources */,
				7969FB42170D8DE1005224DE /* subtle_white_feathers_@2X.png in Resources */,
				7969FB50170D945F005224DE /* coin.png in Resources */,
				7969FB51170D945F005224DE /* add_coin.png in Resources */,
				7969FB52170D945F005224DE /* coin_bag.png in Resources */,
				7969FB54170D96C2005224DE /* README.md in Resources */,
				7969FB56170D9B80005224DE /* step.png in Resources */,
				7969FB58170D9BEB005224DE /* StepView.xib in Resources */,
				7969FB62170D9F70005224DE /* grey_wash_wall_@2X.png in Resources */,
				7969FB63170D9F70005224DE /* grey_wash_wall.png in Resources */,
				7969FB65170DA5D6005224DE /* WeatherView.xib in Resources */,
				7969FB69170DAC1D005224DE /* weather_widget.png in Resources */,
				7969FB6D170DAD69005224DE /* weather_background.png in Resources */,
				7969FB82170DE53E005224DE /* add_coin@2X.png in Resources */,
				7969FB83170DE53E005224DE /* coin_bag@2X.png in Resources */,
				7969FB84170DE53E005224DE /* coin@2X.png in Resources */,
				7969FB86170DED78005224DE /* step_bg.png in Resources */,
				7969FBA1170DFB35005224DE /* InfoPlist.strings in Resources */,
				7969FBA4170DFB41005224DE /* MainStoryboard.storyboard in Resources */,
				7969FBED170E1E3B005224DE /* Defaults.plist in Resources */,
				79909A5C170EA45A0056CD96 /* step_stop.png in Resources */,
				79909A63170EBB5D0056CD96 /* finger_icon.png in Resources */,
				79909A72170ED5D90056CD96 /* question_done.png in Resources */,
				79909A74170ED6530056CD96 /* question.png in Resources */,
				79909A7A170F000B0056CD96 /* ToyView.xib in Resources */,
				79909A7C170F075D0056CD96 /* close.png in Resources */,
				79909A8F170F0DF40056CD96 /* coin_get.mp3 in Resources */,
				79909A9E170F263C0056CD96 /* coin_spend.mp3 in Resources */,
				79909AA0170F2B940056CD96 /* step_icon.png in Resources */,
				792BFCA31710118F0085A306 /* 01d.png in Resources */,
				792BFCA41710118F0085A306 /* 0304.png in Resources */,
				792BFCA61710118F0085A306 /* 02d.png in Resources */,
				792BFCA81710118F0085A306 /* 10d.png in Resources */,
				792BFCAA1710118F0085A306 /* 02n.png in Resources */,
				792BFCAB1710118F0085A306 /* 01n.png in Resources */,
				792BFCAD1710118F0085A306 /* 10n.png in Resources */,
				792BFCB6171014330085A306 /* 50.png in Resources */,
				792BFCBC17101BC10085A306 /* 11.png in Resources */,
				792BFCBF17101DB10085A306 /* 09.png in Resources */,
				792BFCC017101DB10085A306 /* 13.png in Resources */,
				792BFCCD17102C2F0085A306 /* Toys in Resources */,
				79996CBC17111A4400DE0F26 /* 57x57.png in Resources */,
				79996CBE17111A6500DE0F26 /* 114x114.png in Resources */,
				79EFE00E171198870057777F /* box_icon.png in Resources */,
				79EFE010171199CA0057777F /* setting_icon.png in Resources */,
				79EFE0151711A2D00057777F /* unknown.png in Resources */,
			);
			runOnlyForDeploymentPostprocessing = 0;
		};
/* End PBXResourcesBuildPhase section */

/* Begin PBXSourcesBuildPhase section */
		7969F7AB170D502A005224DE /* Sources */ = {
			isa = PBXSourcesBuildPhase;
			buildActionMask = 2147483647;
			files = (
				7969F7C0170D502A005224DE /* main.m in Sources */,
				7969F7C4170D502A005224DE /* AppDelegate.m in Sources */,
				7969F7D0170D502A005224DE /* ViewController.m in Sources */,
				7969FB31170D862A005224DE /* MoneyView.m in Sources */,
				7969FB5F170D9E70005224DE /* StepView.m in Sources */,
				7969FB70170DB06E005224DE /* WeatherView.m in Sources */,
				7969FB78170DB4E0005224DE /* UIViewController+WeatherView.m in Sources */,
				7969FB89170DEF3E005224DE /* PedometerViewController.m in Sources */,
				7969FBCC170DFBB7005224DE /* Http.m in Sources */,
				7969FBCD170DFBB7005224DE /* ios_module.m in Sources */,
				7969FBCE170DFBB7005224DE /* JSONKit.m in Sources */,
				7969FBCF170DFBB7005224DE /* MethodSwizzle.c in Sources */,
				7969FBD0170DFBB7005224DE /* MotionViewController.m in Sources */,
				7969FBD1170DFBB7005224DE /* MoveViewController.m in Sources */,
				7969FBD2170DFBB7005224DE /* NSArray+Addition.m in Sources */,
				7969FBD3170DFBB7005224DE /* NSObject+PropertyListing.m in Sources */,
				7969FBD4170DFBB7005224DE /* NSObject+Swizzle.m in Sources */,
				7969FBD5170DFBB7005224DE /* NSUserDefaults+MPSecureUserDefaults.m in Sources */,
				7969FBD6170DFBB7005224DE /* OpenWeatherMap.m in Sources */,
				7969FBD7170DFBB7005224DE /* ShakeViewController.m in Sources */,
				7969FBD8170DFBB7005224DE /* Station.m in Sources */,
				7969FBD9170DFBB7005224DE /* UIView+Addition.m in Sources */,
				7969FBDA170DFBB7005224DE /* UIViewController+StoryboardExtend.m in Sources */,
				7969FBDB170DFBB7005224DE /* Weather.m in Sources */,
				7969FBE4170E0707005224DE /* BaseModel.m in Sources */,
				79909A68170EC6770056CD96 /* PekoViewController.m in Sources */,
				79909A7F170F08280056CD96 /* ToyView.m in Sources */,
				79909A8B170F0DAE0056CD96 /* AudioToolkit.m in Sources */,
				79909A9C170F1CEF0056CD96 /* PedoData.m in Sources */,
				792BFCCB17102AC20085A306 /* ToyCenter.m in Sources */,
				792BFCD41710317F0085A306 /* Toy.m in Sources */,
				792BFCDF171036110085A306 /* NSObject+JSONKit.m in Sources */,
				79EFE01317119A010057777F /* ToysViewController.m in Sources */,
				79786BB217134155006A8B98 /* SettingViewController.m in Sources */,
				79AC330B1713BA24001F810D /* ShareButton.m in Sources */,
				796BBF8B1714954100EDBC7A /* UIResponder+Facebook.m in Sources */,
			);
			runOnlyForDeploymentPostprocessing = 0;
		};
/* End PBXSourcesBuildPhase section */

/* Begin PBXVariantGroup section */
		7969FB9F170DFB35005224DE /* InfoPlist.strings */ = {
			isa = PBXVariantGroup;
			children = (
				7969FBA0170DFB35005224DE /* en */,
			);
			name = InfoPlist.strings;
			sourceTree = "<group>";
		};
		7969FBA2170DFB41005224DE /* MainStoryboard.storyboard */ = {
			isa = PBXVariantGroup;
			children = (
				7969FBA3170DFB41005224DE /* en */,
			);
			name = MainStoryboard.storyboard;
			sourceTree = "<group>";
		};
/* End PBXVariantGroup section */

/* Begin XCBuildConfiguration section */
		7969F7D1170D502A005224DE /* Debug */ = {
			isa = XCBuildConfiguration;
			buildSettings = {
				ALWAYS_SEARCH_USER_PATHS = NO;
				CLANG_CXX_LANGUAGE_STANDARD = "gnu++0x";
				CLANG_CXX_LIBRARY = "libc++";
				CLANG_ENABLE_OBJC_ARC = YES;
				CLANG_WARN_EMPTY_BODY = YES;
				CLANG_WARN__DUPLICATE_METHOD_MATCH = YES;
				"CODE_SIGN_IDENTITY[sdk=iphoneos*]" = "iPhone Developer";
				COPY_PHASE_STRIP = NO;
				GCC_C_LANGUAGE_STANDARD = gnu99;
				GCC_DYNAMIC_NO_PIC = NO;
				GCC_OPTIMIZATION_LEVEL = 0;
				GCC_PREPROCESSOR_DEFINITIONS = (
					"DEBUG=1",
					"$(inherited)",
				);
				GCC_SYMBOLS_PRIVATE_EXTERN = NO;
				GCC_WARN_ABOUT_RETURN_TYPE = YES;
				GCC_WARN_UNINITIALIZED_AUTOS = YES;
				GCC_WARN_UNUSED_VARIABLE = YES;
				IPHONEOS_DEPLOYMENT_TARGET = 5.0;
				SDKROOT = iphoneos;
			};
			name = Debug;
		};
		7969F7D2170D502A005224DE /* Release */ = {
			isa = XCBuildConfiguration;
			buildSettings = {
				ALWAYS_SEARCH_USER_PATHS = NO;
				CLANG_CXX_LANGUAGE_STANDARD = "gnu++0x";
				CLANG_CXX_LIBRARY = "libc++";
				CLANG_ENABLE_OBJC_ARC = YES;
				CLANG_WARN_EMPTY_BODY = YES;
				CLANG_WARN__DUPLICATE_METHOD_MATCH = YES;
				"CODE_SIGN_IDENTITY[sdk=iphoneos*]" = "iPhone Developer";
				COPY_PHASE_STRIP = YES;
				GCC_C_LANGUAGE_STANDARD = gnu99;
				GCC_WARN_ABOUT_RETURN_TYPE = YES;
				GCC_WARN_UNINITIALIZED_AUTOS = YES;
				GCC_WARN_UNUSED_VARIABLE = YES;
				IPHONEOS_DEPLOYMENT_TARGET = 5.0;
				OTHER_CFLAGS = "-DNS_BLOCK_ASSERTIONS=1";
				SDKROOT = iphoneos;
				VALIDATE_PRODUCT = YES;
			};
			name = Release;
		};
		7969F7D4170D502A005224DE /* Debug */ = {
			isa = XCBuildConfiguration;
			buildSettings = {
				FRAMEWORK_SEARCH_PATHS = (
					"$(inherited)",
					"\"$(SRCROOT)/../ios-module\"",
				);
				GCC_PRECOMPILE_PREFIX_HEADER = YES;
				GCC_PREFIX_HEADER = "pedotoys/pedotoys-Prefix.pch";
				INFOPLIST_FILE = "pedotoys/pedotoys-Info.plist";
				PRODUCT_NAME = "$(TARGET_NAME)";
				WRAPPER_EXTENSION = app;
			};
			name = Debug;
		};
		7969F7D5170D502A005224DE /* Release */ = {
			isa = XCBuildConfiguration;
			buildSettings = {
				FRAMEWORK_SEARCH_PATHS = (
					"$(inherited)",
					"\"$(SRCROOT)/../ios-module\"",
				);
				GCC_PRECOMPILE_PREFIX_HEADER = YES;
				GCC_PREFIX_HEADER = "pedotoys/pedotoys-Prefix.pch";
				INFOPLIST_FILE = "pedotoys/pedotoys-Info.plist";
				PRODUCT_NAME = "$(TARGET_NAME)";
				WRAPPER_EXTENSION = app;
			};
			name = Release;
		};
/* End XCBuildConfiguration section */

/* Begin XCConfigurationList section */
		7969F7A9170D502A005224DE /* Build configuration list for PBXProject "pedotoys" */ = {
			isa = XCConfigurationList;
			buildConfigurations = (
				7969F7D1170D502A005224DE /* Debug */,
				7969F7D2170D502A005224DE /* Release */,
			);
			defaultConfigurationIsVisible = 0;
			defaultConfigurationName = Release;
		};
		7969F7D3170D502A005224DE /* Build configuration list for PBXNativeTarget "pedotoys" */ = {
			isa = XCConfigurationList;
			buildConfigurations = (
				7969F7D4170D502A005224DE /* Debug */,
				7969F7D5170D502A005224DE /* Release */,
			);
			defaultConfigurationIsVisible = 0;
			defaultConfigurationName = Release;
		};
/* End XCConfigurationList section */
	};
	rootObject = 7969F7A6170D502A005224DE /* Project object */;
}
